# This file is automatically @generated by Cargo.
# It is not intended for manual editing.
version = 3

[[package]]
name = "png"
version = "0.1.0"
dependencies = [
 "rug",
 "vg-inputs",
]

[[package]]
name = "rug"
version = "0.1.0"
dependencies = [
 "sti",
]

[[package]]
name = "sti"
version = "0.1.0"
source = "git+https://github.com/leddoo/sti#09d226e736e76e873faefc99b22e616520d957ea"

[[package]]
name = "vg-inputs"
version = "0.1.0"
dependencies = [
 "rug",
]
