# This file is automatically @generated by Cargo.
# It is not intended for manual editing.
version = 3

[[package]]
name = "raw"
version = "0.1.0"
dependencies = [
 "rug",
]

[[package]]
name = "rug"
version = "0.1.0"
dependencies = [
 "sti",
]

[[package]]
name = "sti"
version = "0.1.0"
source = "git+https://github.com/leddoo/sti#359ac488cd2bcb391a001bfbdf4f03d37563b5f3"
