# This file is automatically @generated by Cargo.
# It is not intended for manual editing.
version = 3

[[package]]
name = "rug"
version = "0.1.0"
dependencies = [
 "sti",
]

[[package]]
name = "sti"
version = "0.1.0"
source = "git+https://github.com/leddoo/sti#19532071c95ac65610c6296f059841b830b2797a"
