# This file is automatically @generated by Cargo.
# It is not intended for manual editing.
version = 3

[[package]]
name = "basic"
version = "0.1.0"
source = "git+https://github.com/leddoo/basic-rs.git#4a3d5f45f6aac464a9861f93854de05dbe10e2d5"

[[package]]
name = "libm"
version = "0.2.2"
source = "registry+https://github.com/rust-lang/crates.io-index"
checksum = "33a33a362ce288760ec6a508b94caaec573ae7d3bbbd91b87aa0bad4456839db"

[[package]]
name = "rug"
version = "0.1.0"
dependencies = [
 "basic",
 "libm",
]
